# THIS IS AN AUTOGENERATED FILE. DO NOT EDIT THIS FILE DIRECTLY.
# yarn lockfile v1


"@babel/helper-string-parser@^7.25.9":
  "integrity" "sha512-4A/SCr/2KLd5jrtOMFzaKjVtAei3+2r/NChoBNoZ3EyP/+GlhoaEGoWOZUmFmoITP7zOJyHIMm+DYRd8o3PvHA=="
  "resolved" "https://registry.npmmirror.com/@babel/helper-string-parser/-/helper-string-parser-7.25.9.tgz"
  "version" "7.25.9"

"@babel/helper-validator-identifier@^7.25.9":
  "integrity" "sha512-Ed61U6XJc3CVRfkERJWDz4dJwKe7iLmmJsbOGu9wSloNSFttHV0I8g6UAgb7qnK5ly5bGLPd4oXZlxCdANBOWQ=="
  "resolved" "https://registry.npmmirror.com/@babel/helper-validator-identifier/-/helper-validator-identifier-7.25.9.tgz"
  "version" "7.25.9"

"@babel/parser@^7.23.5":
  "integrity" "sha512-WJ/CvmY8Mea8iDXo6a7RK2wbmJITT5fN3BEkRuFlxVyNx8jOKIIhmC4fSkTcPcf8JyavbBwIe6OpiCOBXt/IcA=="
  "resolved" "https://registry.npmmirror.com/@babel/parser/-/parser-7.26.3.tgz"
  "version" "7.26.3"
  dependencies:
    "@babel/types" "^7.26.3"

"@babel/types@^7.26.3":
  "integrity" "sha512-vN5p+1kl59GVKMvTHt55NzzmYVxprfJD+ql7U9NFIfKCBkYE55LYtS+WtPlaYOyzydrKI8Nezd+aZextrd+FMA=="
  "resolved" "https://registry.npmmirror.com/@babel/types/-/types-7.26.3.tgz"
  "version" "7.26.3"
  dependencies:
    "@babel/helper-string-parser" "^7.25.9"
    "@babel/helper-validator-identifier" "^7.25.9"

"@isaacs/cliui@^8.0.2":
  "version" "8.0.2"
  dependencies:
    "string-width" "^5.1.2"
    "string-width-cjs" "npm:string-width@^4.2.0"
    "strip-ansi" "^7.0.1"
    "strip-ansi-cjs" "npm:strip-ansi@^6.0.1"
    "wrap-ansi" "^8.1.0"
    "wrap-ansi-cjs" "npm:wrap-ansi@^7.0.0"

"@isaacs/fs-minipass@^4.0.0":
  "version" "4.0.1"
  dependencies:
    "minipass" "^7.0.4"

"@isaacs/string-locale-compare@^1.1.0":
  "version" "1.1.0"

"@npmcli/agent@^3.0.0":
  "version" "3.0.0"
  dependencies:
    "agent-base" "^7.1.0"
    "http-proxy-agent" "^7.0.0"
    "https-proxy-agent" "^7.0.1"
    "lru-cache" "^10.0.1"
    "socks-proxy-agent" "^8.0.3"

"@npmcli/arborist@^9.0.0":
  "version" "9.0.0"
  dependencies:
    "@isaacs/string-locale-compare" "^1.1.0"
    "@npmcli/fs" "^4.0.0"
    "@npmcli/installed-package-contents" "^3.0.0"
    "@npmcli/map-workspaces" "^4.0.1"
    "@npmcli/metavuln-calculator" "^9.0.0"
    "@npmcli/name-from-folder" "^3.0.0"
    "@npmcli/node-gyp" "^4.0.0"
    "@npmcli/package-json" "^6.0.1"
    "@npmcli/query" "^4.0.0"
    "@npmcli/redact" "^3.0.0"
    "@npmcli/run-script" "^9.0.1"
    "bin-links" "^5.0.0"
    "cacache" "^19.0.1"
    "common-ancestor-path" "^1.0.1"
    "hosted-git-info" "^8.0.0"
    "json-stringify-nice" "^1.1.4"
    "lru-cache" "^10.2.2"
    "minimatch" "^9.0.4"
    "nopt" "^8.0.0"
    "npm-install-checks" "^7.1.0"
    "npm-package-arg" "^12.0.0"
    "npm-pick-manifest" "^10.0.0"
    "npm-registry-fetch" "^18.0.1"
    "pacote" "^21.0.0"
    "parse-conflict-json" "^4.0.0"
    "proc-log" "^5.0.0"
    "proggy" "^3.0.0"
    "promise-all-reject-late" "^1.0.0"
    "promise-call-limit" "^3.0.1"
    "read-package-json-fast" "^4.0.0"
    "semver" "^7.3.7"
    "ssri" "^12.0.0"
    "treeverse" "^3.0.0"
    "walk-up-path" "^4.0.0"

"@npmcli/config@^10.0.0":
  "version" "10.0.0"
  dependencies:
    "@npmcli/map-workspaces" "^4.0.1"
    "@npmcli/package-json" "^6.0.1"
    "ci-info" "^4.0.0"
    "ini" "^5.0.0"
    "nopt" "^8.0.0"
    "proc-log" "^5.0.0"
    "semver" "^7.3.5"
    "walk-up-path" "^4.0.0"

"@npmcli/fs@^4.0.0":
  "version" "4.0.0"
  dependencies:
    "semver" "^7.3.5"

"@npmcli/git@^6.0.0", "@npmcli/git@^6.0.1":
  "version" "6.0.1"
  dependencies:
    "@npmcli/promise-spawn" "^8.0.0"
    "ini" "^5.0.0"
    "lru-cache" "^10.0.1"
    "npm-pick-manifest" "^10.0.0"
    "proc-log" "^5.0.0"
    "promise-inflight" "^1.0.1"
    "promise-retry" "^2.0.1"
    "semver" "^7.3.5"
    "which" "^5.0.0"

"@npmcli/installed-package-contents@^3.0.0":
  "version" "3.0.0"
  dependencies:
    "npm-bundled" "^4.0.0"
    "npm-normalize-package-bin" "^4.0.0"

"@npmcli/map-workspaces@^4.0.1", "@npmcli/map-workspaces@^4.0.2":
  "version" "4.0.2"
  dependencies:
    "@npmcli/name-from-folder" "^3.0.0"
    "@npmcli/package-json" "^6.0.0"
    "glob" "^10.2.2"
    "minimatch" "^9.0.0"

"@npmcli/metavuln-calculator@^9.0.0":
  "version" "9.0.0"
  dependencies:
    "cacache" "^19.0.0"
    "json-parse-even-better-errors" "^4.0.0"
    "pacote" "^21.0.0"
    "proc-log" "^5.0.0"
    "semver" "^7.3.5"

"@npmcli/name-from-folder@^3.0.0":
  "version" "3.0.0"

"@npmcli/node-gyp@^4.0.0":
  "version" "4.0.0"

"@npmcli/package-json@^6.0.0", "@npmcli/package-json@^6.0.1", "@npmcli/package-json@^6.1.0":
  "version" "6.1.0"
  dependencies:
    "@npmcli/git" "^6.0.0"
    "glob" "^10.2.2"
    "hosted-git-info" "^8.0.0"
    "json-parse-even-better-errors" "^4.0.0"
    "normalize-package-data" "^7.0.0"
    "proc-log" "^5.0.0"
    "semver" "^7.5.3"

"@npmcli/promise-spawn@^8.0.0", "@npmcli/promise-spawn@^8.0.2":
  "version" "8.0.2"
  dependencies:
    "which" "^5.0.0"

"@npmcli/query@^4.0.0":
  "version" "4.0.0"
  dependencies:
    "postcss-selector-parser" "^6.1.2"

"@npmcli/redact@^3.0.0":
  "version" "3.0.0"

"@npmcli/run-script@^9.0.0", "@npmcli/run-script@^9.0.1":
  "version" "9.0.2"
  dependencies:
    "@npmcli/node-gyp" "^4.0.0"
    "@npmcli/package-json" "^6.0.0"
    "@npmcli/promise-spawn" "^8.0.0"
    "node-gyp" "^11.0.0"
    "proc-log" "^5.0.0"
    "which" "^5.0.0"

"@pkgjs/parseargs@^0.11.0":
  "version" "0.11.0"

"@popperjs/core@^2.9.1":
  "integrity" "sha512-P1st0aksCrn9sGZhp8GMYwBnQsbvAWsZAX44oXNNvLHGqAOcoVxmjZiohstwQ7SqKnbR47akdNi+uleWD8+g6A=="
  "resolved" "https://registry.npmmirror.com/@popperjs/core/-/core-2.11.8.tgz"
  "version" "2.11.8"

"@sigstore/bundle@^3.0.0":
  "version" "3.0.0"
  dependencies:
    "@sigstore/protobuf-specs" "^0.3.2"

"@sigstore/core@^2.0.0":
  "version" "2.0.0"

"@sigstore/protobuf-specs@^0.3.2":
  "version" "0.3.2"

"@sigstore/sign@^3.0.0":
  "version" "3.0.0"
  dependencies:
    "@sigstore/bundle" "^3.0.0"
    "@sigstore/core" "^2.0.0"
    "@sigstore/protobuf-specs" "^0.3.2"
    "make-fetch-happen" "^14.0.1"
    "proc-log" "^5.0.0"
    "promise-retry" "^2.0.1"

"@sigstore/tuf@^3.0.0":
  "version" "3.0.0"
  dependencies:
    "@sigstore/protobuf-specs" "^0.3.2"
    "tuf-js" "^3.0.1"

"@sigstore/verify@^2.0.0":
  "version" "2.0.0"
  dependencies:
    "@sigstore/bundle" "^3.0.0"
    "@sigstore/core" "^2.0.0"
    "@sigstore/protobuf-specs" "^0.3.2"

"@tufjs/canonical-json@2.0.0":
  "version" "2.0.0"

"@tufjs/models@3.0.1":
  "version" "3.0.1"
  dependencies:
    "@tufjs/canonical-json" "2.0.0"
    "minimatch" "^9.0.5"

"@vue/compiler-sfc@2.7.16":
  "integrity" "sha512-KWhJ9k5nXuNtygPU7+t1rX6baZeqOYLEforUPjgNDBnLicfHCoi48H87Q8XyLZOrNNsmhuwKqtpDQWjEFe6Ekg=="
  "resolved" "https://registry.npmmirror.com/@vue/compiler-sfc/-/compiler-sfc-2.7.16.tgz"
  "version" "2.7.16"
  dependencies:
    "@babel/parser" "^7.23.5"
    "postcss" "^8.4.14"
    "source-map" "^0.6.1"
  optionalDependencies:
    "prettier" "^1.18.2 || ^2.0.0"

"abbrev@^2.0.0":
  "version" "2.0.0"

"abbrev@^3.0.0":
  "version" "3.0.0"

"agent-base@^7.1.0", "agent-base@^7.1.2":
  "version" "7.1.3"

"ansi-regex@^5.0.1":
  "version" "5.0.1"

"ansi-regex@^6.0.1":
  "version" "6.1.0"

"ansi-styles@^4.0.0":
  "version" "4.3.0"
  dependencies:
    "color-convert" "^2.0.1"

"ansi-styles@^6.1.0":
  "version" "6.2.1"

"aproba@^2.0.0":
  "version" "2.0.0"

"archy@~1.0.0":
  "version" "1.0.0"

"balanced-match@^1.0.0":
  "version" "1.0.2"

"bin-links@^5.0.0":
  "version" "5.0.0"
  dependencies:
    "cmd-shim" "^7.0.0"
    "npm-normalize-package-bin" "^4.0.0"
    "proc-log" "^5.0.0"
    "read-cmd-shim" "^5.0.0"
    "write-file-atomic" "^6.0.0"

"binary-extensions@^3.0.0":
  "version" "3.0.0"

"brace-expansion@^2.0.1":
  "version" "2.0.1"
  dependencies:
    "balanced-match" "^1.0.0"

"cacache@^19.0.0", "cacache@^19.0.1":
  "version" "19.0.1"
  dependencies:
    "@npmcli/fs" "^4.0.0"
    "fs-minipass" "^3.0.0"
    "glob" "^10.2.2"
    "lru-cache" "^10.0.1"
    "minipass" "^7.0.3"
    "minipass-collect" "^2.0.1"
    "minipass-flush" "^1.0.5"
    "minipass-pipeline" "^1.2.4"
    "p-map" "^7.0.2"
    "ssri" "^12.0.0"
    "tar" "^7.4.3"
    "unique-filename" "^4.0.0"

"chalk@^5.3.0":
  "version" "5.3.0"

"chownr@^2.0.0":
  "version" "2.0.0"

"chownr@^3.0.0":
  "version" "3.0.0"

"ci-info@^4.0.0", "ci-info@^4.1.0":
  "version" "4.1.0"

"cidr-regex@^4.1.1":
  "version" "4.1.1"
  dependencies:
    "ip-regex" "^5.0.0"

"cli-columns@^4.0.0":
  "version" "4.0.0"
  dependencies:
    "string-width" "^4.2.3"
    "strip-ansi" "^6.0.1"

"cmd-shim@^7.0.0":
  "version" "7.0.0"

"color-convert@^2.0.1":
  "version" "2.0.1"
  dependencies:
    "color-name" "~1.1.4"

"color-name@~1.1.4":
  "version" "1.1.4"

"common-ancestor-path@^1.0.1":
  "version" "1.0.1"

"cross-spawn@^7.0.0":
  "version" "7.0.6"
  dependencies:
    "path-key" "^3.1.0"
    "shebang-command" "^2.0.0"
    "which" "^2.0.1"

"cssesc@^3.0.0":
  "version" "3.0.0"

"csstype@^3.1.0":
  "integrity" "sha512-M1uQkMl8rQK/szD0LNhtqxIPLpimGm8sOBwU7lLnCpSbTyY3yeU1Vc7l4KT5zT4s/yOxHH5O7tIuuLOCnLADRw=="
  "resolved" "https://registry.npmmirror.com/csstype/-/csstype-3.1.3.tgz"
  "version" "3.1.3"

"debug@^4.3.4", "debug@^4.3.6", "debug@4":
  "version" "4.4.0"
  dependencies:
    "ms" "^2.1.3"

"diff@^7.0.0":
  "version" "7.0.0"

"dom-to-image@^2.6.0":
  "integrity" "sha512-Dt0QdaHmLpjURjU7Tnu3AgYSF2LuOmksSGsUcE6ItvJoCWTBEmiMXcqBdNSAm9+QbbwD7JMoVsuuKX6ZVQv1qA=="
  "resolved" "https://registry.npmjs.org/dom-to-image/-/dom-to-image-2.6.0.tgz"
  "version" "2.6.0"

"eastasianwidth@^0.2.0":
  "version" "0.2.0"

"emoji-regex@^8.0.0":
  "version" "8.0.0"

"emoji-regex@^9.2.2":
  "version" "9.2.2"

"encoding@^0.1.13":
  "version" "0.1.13"
  dependencies:
    "iconv-lite" "^0.6.2"

"env-paths@^2.2.0":
  "version" "2.2.1"

"err-code@^2.0.2":
  "version" "2.0.3"

"exponential-backoff@^3.1.1":
  "version" "3.1.1"

"fastest-levenshtein@^1.0.16":
  "version" "1.0.16"

"foreground-child@^3.1.0":
  "version" "3.3.0"
  dependencies:
    "cross-spawn" "^7.0.0"
    "signal-exit" "^4.0.1"

"fs-minipass@^2.0.0":
  "version" "2.1.0"
  dependencies:
    "minipass" "^3.0.0"

"fs-minipass@^3.0.0", "fs-minipass@^3.0.3":
  "version" "3.0.3"
  dependencies:
    "minipass" "^7.0.3"

"glob@^10.2.2", "glob@^10.3.10", "glob@^10.3.7", "glob@^10.4.5":
  "version" "10.4.5"
  dependencies:
    "foreground-child" "^3.1.0"
    "jackspeak" "^3.1.2"
    "minimatch" "^9.0.4"
    "minipass" "^7.1.2"
    "package-json-from-dist" "^1.0.0"
    "path-scurry" "^1.11.1"

"graceful-fs@^4.2.11", "graceful-fs@^4.2.6":
  "version" "4.2.11"

"hash-sum@^2.0.0":
  "integrity" "sha512-WdZTbAByD+pHfl/g9QSsBIIwy8IT+EsPiKDs0KNX+zSHhdDLFKdZu0BQHljvO+0QI/BasbMSUa8wYNCZTvhslg=="
  "resolved" "https://registry.npmmirror.com/hash-sum/-/hash-sum-2.0.0.tgz"
  "version" "2.0.0"

"hosted-git-info@^8.0.0", "hosted-git-info@^8.0.2":
  "version" "8.0.2"
  dependencies:
    "lru-cache" "^10.0.1"

"http-cache-semantics@^4.1.1":
  "version" "4.1.1"

"http-proxy-agent@^7.0.0":
  "version" "7.0.2"
  dependencies:
    "agent-base" "^7.1.0"
    "debug" "^4.3.4"

"https-proxy-agent@^7.0.1":
  "version" "7.0.6"
  dependencies:
    "agent-base" "^7.1.2"
    "debug" "4"

"husky@^9.0.11":
  "integrity" "sha512-AB6lFlbwwyIqMdHYhwPe+kjOC3Oc5P3nThEoW/AaO2BX3vJDjWPFxYLxokUZOo6RNX20He3AaT8sESs9NJcmEw=="
  "resolved" "https://registry.npmjs.org/husky/-/husky-9.0.11.tgz"
  "version" "9.0.11"

"iconv-lite@^0.6.2":
  "version" "0.6.3"
  dependencies:
    "safer-buffer" ">= 2.1.2 < 3.0.0"

"ignore-walk@^7.0.0":
  "version" "7.0.0"
  dependencies:
    "minimatch" "^9.0.0"

"imurmurhash@^0.1.4":
  "version" "0.1.4"

"ini@^5.0.0":
  "version" "5.0.0"

"init-package-json@^8.0.0":
  "version" "8.0.0"
  dependencies:
    "@npmcli/package-json" "^6.1.0"
    "npm-package-arg" "^12.0.0"
    "promzard" "^2.0.0"
    "read" "^4.0.0"
    "semver" "^7.3.5"
    "validate-npm-package-license" "^3.0.4"
    "validate-npm-package-name" "^6.0.0"

"install@^0.13.0":
  "integrity" "sha512-zDml/jzr2PKU9I8J/xyZBQn8rPCAY//UOYNmR01XwNwyfhEWObo2SWfSl1+0tm1u6PhxLwDnfsT/6jB7OUxqFA=="
  "resolved" "https://registry.npmmirror.com/install/-/install-0.13.0.tgz"
  "version" "0.13.0"

"ip-address@^9.0.5":
  "version" "9.0.5"
  dependencies:
    "jsbn" "1.1.0"
    "sprintf-js" "^1.1.3"

"ip-regex@^5.0.0":
  "version" "5.0.0"

"is-cidr@^5.1.0":
  "version" "5.1.0"
  dependencies:
    "cidr-regex" "^4.1.1"

"is-fullwidth-code-point@^3.0.0":
  "version" "3.0.0"

"isexe@^2.0.0":
  "version" "2.0.0"

"isexe@^3.1.1":
  "version" "3.1.1"

"jackspeak@^3.1.2":
  "version" "3.4.3"
  dependencies:
    "@isaacs/cliui" "^8.0.2"
  optionalDependencies:
    "@pkgjs/parseargs" "^0.11.0"

"jsbn@1.1.0":
  "version" "1.1.0"

"json-parse-even-better-errors@^4.0.0":
  "version" "4.0.0"

"json-stringify-nice@^1.1.4":
  "version" "1.1.4"

"jsonparse@^1.3.1":
  "version" "1.3.1"

"jump.js@^1.0.2":
  "integrity" "sha512-oUkJJ/Y4ATU5qjkXBntCZSKctbSyS3ewe2jrLaUu/cc9jsQiAn0fnTUxQnZz3mJdDdem1Q279zrD6h3n+Cgxtg=="
  "resolved" "https://registry.npmmirror.com/jump.js/-/jump.js-1.0.2.tgz"
  "version" "1.0.2"

"just-diff-apply@^5.2.0":
  "version" "5.5.0"

"just-diff@^6.0.0":
  "version" "6.0.2"

"libnpmaccess@^10.0.0":
  "version" "10.0.0"
  dependencies:
    "npm-package-arg" "^12.0.0"
    "npm-registry-fetch" "^18.0.1"

"libnpmdiff@^8.0.0":
  "version" "8.0.0"
  dependencies:
    "@npmcli/arborist" "^9.0.0"
    "@npmcli/installed-package-contents" "^3.0.0"
    "binary-extensions" "^3.0.0"
    "diff" "^7.0.0"
    "minimatch" "^9.0.4"
    "npm-package-arg" "^12.0.0"
    "pacote" "^21.0.0"
    "tar" "^6.2.1"

"libnpmexec@^10.0.0":
  "version" "10.0.0"
  dependencies:
    "@npmcli/arborist" "^9.0.0"
    "@npmcli/run-script" "^9.0.1"
    "ci-info" "^4.0.0"
    "npm-package-arg" "^12.0.0"
    "pacote" "^21.0.0"
    "proc-log" "^5.0.0"
    "read" "^4.0.0"
    "read-package-json-fast" "^4.0.0"
    "semver" "^7.3.7"
    "walk-up-path" "^4.0.0"

"libnpmfund@^7.0.0":
  "version" "7.0.0"
  dependencies:
    "@npmcli/arborist" "^9.0.0"

"libnpmorg@^8.0.0":
  "version" "8.0.0"
  dependencies:
    "aproba" "^2.0.0"
    "npm-registry-fetch" "^18.0.1"

"libnpmpack@^9.0.0":
  "version" "9.0.0"
  dependencies:
    "@npmcli/arborist" "^9.0.0"
    "@npmcli/run-script" "^9.0.1"
    "npm-package-arg" "^12.0.0"
    "pacote" "^21.0.0"

"libnpmpublish@^11.0.0":
  "version" "11.0.0"
  dependencies:
    "ci-info" "^4.0.0"
    "normalize-package-data" "^7.0.0"
    "npm-package-arg" "^12.0.0"
    "npm-registry-fetch" "^18.0.1"
    "proc-log" "^5.0.0"
    "semver" "^7.3.7"
    "sigstore" "^3.0.0"
    "ssri" "^12.0.0"

"libnpmsearch@^9.0.0":
  "version" "9.0.0"
  dependencies:
    "npm-registry-fetch" "^18.0.1"

"libnpmteam@^8.0.0":
  "version" "8.0.0"
  dependencies:
    "aproba" "^2.0.0"
    "npm-registry-fetch" "^18.0.1"

"libnpmversion@^8.0.0":
  "version" "8.0.0"
  dependencies:
    "@npmcli/git" "^6.0.1"
    "@npmcli/run-script" "^9.0.1"
    "json-parse-even-better-errors" "^4.0.0"
    "proc-log" "^5.0.0"
    "semver" "^7.3.7"

"lodash.mergewith@^4.6.2":
  "integrity" "sha512-GK3g5RPZWTRSeLSpgP8Xhra+pnjBC56q9FZYe1d5RN3TJ35dbkGy3YqBSMbyCrlbi+CM9Z3Jk5yTL7RCsqboyQ=="
  "resolved" "https://registry.npmjs.org/lodash.mergewith/-/lodash.mergewith-4.6.2.tgz"
  "version" "4.6.2"

"lru-cache@^10.0.1", "lru-cache@^10.2.0", "lru-cache@^10.2.2":
  "version" "10.4.3"

"make-fetch-happen@^14.0.0", "make-fetch-happen@^14.0.1", "make-fetch-happen@^14.0.3":
  "version" "14.0.3"
  dependencies:
    "@npmcli/agent" "^3.0.0"
    "cacache" "^19.0.1"
    "http-cache-semantics" "^4.1.1"
    "minipass" "^7.0.2"
    "minipass-fetch" "^4.0.0"
    "minipass-flush" "^1.0.5"
    "minipass-pipeline" "^1.2.4"
    "negotiator" "^1.0.0"
    "proc-log" "^5.0.0"
    "promise-retry" "^2.0.1"
    "ssri" "^12.0.0"

"minimatch@^9.0.0", "minimatch@^9.0.4", "minimatch@^9.0.5":
  "version" "9.0.5"
  dependencies:
    "brace-expansion" "^2.0.1"

"minipass-collect@^2.0.1":
  "version" "2.0.1"
  dependencies:
    "minipass" "^7.0.3"

"minipass-fetch@^4.0.0":
  "version" "4.0.0"
  dependencies:
    "minipass" "^7.0.3"
    "minipass-sized" "^1.0.3"
    "minizlib" "^3.0.1"
  optionalDependencies:
    "encoding" "^0.1.13"

"minipass-flush@^1.0.5":
  "version" "1.0.5"
  dependencies:
    "minipass" "^3.0.0"

"minipass-pipeline@^1.2.4":
  "version" "1.2.4"
  dependencies:
    "minipass" "^3.0.0"

"minipass-sized@^1.0.3":
  "version" "1.0.3"
  dependencies:
    "minipass" "^3.0.0"

"minipass@^3.0.0":
  "version" "3.3.6"
  dependencies:
    "yallist" "^4.0.0"

"minipass@^5.0.0 || ^6.0.2 || ^7.0.0", "minipass@^7.0.2", "minipass@^7.0.3", "minipass@^7.0.4", "minipass@^7.1.1", "minipass@^7.1.2":
  "version" "7.1.2"

"minipass@^5.0.0":
  "version" "5.0.0"

"minizlib@^2.1.1":
  "version" "2.1.2"
  dependencies:
    "minipass" "^3.0.0"
    "yallist" "^4.0.0"

"minizlib@^3.0.1":
  "version" "3.0.1"
  dependencies:
    "minipass" "^7.0.4"
    "rimraf" "^5.0.5"

"mkdirp@^1.0.3":
  "version" "1.0.4"

"mkdirp@^3.0.1":
  "version" "3.0.1"

"ms@^2.1.2", "ms@^2.1.3":
  "version" "2.1.3"

"mute-stream@^2.0.0":
  "version" "2.0.0"

"nanoid@^3.3.7":
  "integrity" "sha512-WNLf5Sd8oZxOm+TzppcYk8gVOgP+l58xNy58D0nbUnOxOWRWvlcCV4kUF7ltmI6PsrLl/BgKEyS4mqsGChFN0w=="
  "resolved" "https://registry.npmmirror.com/nanoid/-/nanoid-3.3.8.tgz"
  "version" "3.3.8"

"negotiator@^1.0.0":
  "version" "1.0.0"

"node-fetch@2":
  "integrity" "sha512-c4FRfUm/dbcWZ7U+1Wq0AwCyFL+3nt2bEw05wfxSz+DWpWsitgmSgYmy2dQdWyKC1694ELPqMs/YzUSNozLt8A=="
  "resolved" "https://registry.npmjs.org/node-fetch/-/node-fetch-2.7.0.tgz"
  "version" "2.7.0"
  dependencies:
    "whatwg-url" "^5.0.0"

"node-gyp@^11.0.0":
  "version" "11.0.0"
  dependencies:
    "env-paths" "^2.2.0"
    "exponential-backoff" "^3.1.1"
    "glob" "^10.3.10"
    "graceful-fs" "^4.2.6"
    "make-fetch-happen" "^14.0.3"
    "nopt" "^8.0.0"
    "proc-log" "^5.0.0"
    "semver" "^7.3.5"
    "tar" "^7.4.3"
    "which" "^5.0.0"

"nopt@^8.0.0":
  "version" "8.0.0"
  dependencies:
    "abbrev" "^2.0.0"

"normalize-package-data@^7.0.0":
  "version" "7.0.0"
  dependencies:
    "hosted-git-info" "^8.0.0"
    "semver" "^7.3.5"
    "validate-npm-package-license" "^3.0.4"

"npm-audit-report@^6.0.0":
  "version" "6.0.0"

"npm-bundled@^4.0.0":
  "version" "4.0.0"
  dependencies:
    "npm-normalize-package-bin" "^4.0.0"

"npm-install-checks@^7.1.0", "npm-install-checks@^7.1.1":
  "version" "7.1.1"
  dependencies:
    "semver" "^7.1.1"

"npm-normalize-package-bin@^4.0.0":
  "version" "4.0.0"

"npm-package-arg@^12.0.0", "npm-package-arg@^12.0.1":
  "version" "12.0.1"
  dependencies:
    "hosted-git-info" "^8.0.0"
    "proc-log" "^5.0.0"
    "semver" "^7.3.5"
    "validate-npm-package-name" "^6.0.0"

"npm-packlist@^10.0.0":
  "version" "10.0.0"
  dependencies:
    "ignore-walk" "^7.0.0"

"npm-pick-manifest@^10.0.0":
  "version" "10.0.0"
  dependencies:
    "npm-install-checks" "^7.1.0"
    "npm-normalize-package-bin" "^4.0.0"
    "npm-package-arg" "^12.0.0"
    "semver" "^7.3.5"

"npm-profile@^11.0.1":
  "version" "11.0.1"
  dependencies:
    "npm-registry-fetch" "^18.0.0"
    "proc-log" "^5.0.0"

"npm-registry-fetch@^18.0.0", "npm-registry-fetch@^18.0.1", "npm-registry-fetch@^18.0.2":
  "version" "18.0.2"
  dependencies:
    "@npmcli/redact" "^3.0.0"
    "jsonparse" "^1.3.1"
    "make-fetch-happen" "^14.0.0"
    "minipass" "^7.0.2"
    "minipass-fetch" "^4.0.0"
    "minizlib" "^3.0.1"
    "npm-package-arg" "^12.0.0"
    "proc-log" "^5.0.0"

"npm-user-validate@^3.0.0":
  "version" "3.0.0"

"npm@^11.0.0":
  "integrity" "sha512-Ed/ylWXSKXx058WUqXYlgb3pafCqXL5vWzZEvwCKFsBl7OYQlNn/u4ESW+ON+OG6Q+uCRLPTDGHreX6aJEDj7A=="
  "resolved" "https://registry.npmmirror.com/npm/-/npm-11.0.0.tgz"
  "version" "11.0.0"
  dependencies:
    "@isaacs/string-locale-compare" "^1.1.0"
    "@npmcli/arborist" "^9.0.0"
    "@npmcli/config" "^10.0.0"
    "@npmcli/fs" "^4.0.0"
    "@npmcli/map-workspaces" "^4.0.2"
    "@npmcli/package-json" "^6.1.0"
    "@npmcli/promise-spawn" "^8.0.2"
    "@npmcli/redact" "^3.0.0"
    "@npmcli/run-script" "^9.0.1"
    "@sigstore/tuf" "^3.0.0"
    "abbrev" "^3.0.0"
    "archy" "~1.0.0"
    "cacache" "^19.0.1"
    "chalk" "^5.3.0"
    "ci-info" "^4.1.0"
    "cli-columns" "^4.0.0"
    "fastest-levenshtein" "^1.0.16"
    "fs-minipass" "^3.0.3"
    "glob" "^10.4.5"
    "graceful-fs" "^4.2.11"
    "hosted-git-info" "^8.0.2"
    "ini" "^5.0.0"
    "init-package-json" "^8.0.0"
    "is-cidr" "^5.1.0"
    "json-parse-even-better-errors" "^4.0.0"
    "libnpmaccess" "^10.0.0"
    "libnpmdiff" "^8.0.0"
    "libnpmexec" "^10.0.0"
    "libnpmfund" "^7.0.0"
    "libnpmorg" "^8.0.0"
    "libnpmpack" "^9.0.0"
    "libnpmpublish" "^11.0.0"
    "libnpmsearch" "^9.0.0"
    "libnpmteam" "^8.0.0"
    "libnpmversion" "^8.0.0"
    "make-fetch-happen" "^14.0.3"
    "minimatch" "^9.0.5"
    "minipass" "^7.1.1"
    "minipass-pipeline" "^1.2.4"
    "ms" "^2.1.2"
    "node-gyp" "^11.0.0"
    "nopt" "^8.0.0"
    "normalize-package-data" "^7.0.0"
    "npm-audit-report" "^6.0.0"
    "npm-install-checks" "^7.1.1"
    "npm-package-arg" "^12.0.1"
    "npm-pick-manifest" "^10.0.0"
    "npm-profile" "^11.0.1"
    "npm-registry-fetch" "^18.0.2"
    "npm-user-validate" "^3.0.0"
    "p-map" "^7.0.3"
    "pacote" "^21.0.0"
    "parse-conflict-json" "^4.0.0"
    "proc-log" "^5.0.0"
    "qrcode-terminal" "^0.12.0"
    "read" "^4.0.0"
    "semver" "^7.6.3"
    "spdx-expression-parse" "^4.0.0"
    "ssri" "^12.0.0"
    "supports-color" "^9.4.0"
    "tar" "^6.2.1"
    "text-table" "~0.2.0"
    "tiny-relative-date" "^1.3.0"
    "treeverse" "^3.0.0"
    "validate-npm-package-name" "^6.0.0"
    "which" "^5.0.0"

"p-map@^7.0.2", "p-map@^7.0.3":
  "version" "7.0.3"

"package-json-from-dist@^1.0.0":
  "version" "1.0.1"

"pacote@^21.0.0":
  "version" "21.0.0"
  dependencies:
    "@npmcli/git" "^6.0.0"
    "@npmcli/installed-package-contents" "^3.0.0"
    "@npmcli/package-json" "^6.0.0"
    "@npmcli/promise-spawn" "^8.0.0"
    "@npmcli/run-script" "^9.0.0"
    "cacache" "^19.0.0"
    "fs-minipass" "^3.0.0"
    "minipass" "^7.0.2"
    "npm-package-arg" "^12.0.0"
    "npm-packlist" "^10.0.0"
    "npm-pick-manifest" "^10.0.0"
    "npm-registry-fetch" "^18.0.0"
    "proc-log" "^5.0.0"
    "promise-retry" "^2.0.1"
    "sigstore" "^3.0.0"
    "ssri" "^12.0.0"
    "tar" "^6.1.11"

"parse-conflict-json@^4.0.0":
  "version" "4.0.0"
  dependencies:
    "json-parse-even-better-errors" "^4.0.0"
    "just-diff" "^6.0.0"
    "just-diff-apply" "^5.2.0"

"path-key@^3.1.0":
  "version" "3.1.1"

"path-scurry@^1.11.1":
  "version" "1.11.1"
  dependencies:
    "lru-cache" "^10.2.0"
    "minipass" "^5.0.0 || ^6.0.2 || ^7.0.0"

"picocolors@^1.1.1":
  "integrity" "sha512-xceH2snhtb5M9liqDsmEw56le376mTZkEX/jEb/RxNFyegNul7eNslCXP9FDj/Lcu0X8KEyMceP2ntpaHrDEVA=="
  "resolved" "https://registry.npmmirror.com/picocolors/-/picocolors-1.1.1.tgz"
  "version" "1.1.1"

"postcss-selector-parser@^6.1.2":
  "version" "6.1.2"
  dependencies:
    "cssesc" "^3.0.0"
    "util-deprecate" "^1.0.2"

"postcss@^8.4.14":
  "integrity" "sha512-OCVPnIObs4N29kxTjzLfUryOkvZEq+pf8jTF0lg8E7uETuWHA+v7j3c/xJmiqpX450191LlmZfUKkXxkTry7nA=="
  "resolved" "https://registry.npmmirror.com/postcss/-/postcss-8.4.49.tgz"
  "version" "8.4.49"
  dependencies:
    "nanoid" "^3.3.7"
    "picocolors" "^1.1.1"
    "source-map-js" "^1.2.1"

"prettier@^1.18.2 || ^2.0.0":
  "integrity" "sha512-tdN8qQGvNjw4CHbY+XXk0JgCXn9QiF21a55rBe5LJAU+kDyC4WQn4+awm2Xfk2lQMk5fKup9XgzTZtGkjBdP9Q=="
  "resolved" "https://registry.npmmirror.com/prettier/-/prettier-2.8.8.tgz"
  "version" "2.8.8"

"proc-log@^5.0.0":
  "version" "5.0.0"

"proggy@^3.0.0":
  "version" "3.0.0"

"promise-all-reject-late@^1.0.0":
  "version" "1.0.1"

"promise-call-limit@^3.0.1":
  "version" "3.0.2"

"promise-inflight@^1.0.1":
  "version" "1.0.1"

"promise-retry@^2.0.1":
  "version" "2.0.1"
  dependencies:
    "err-code" "^2.0.2"
    "retry" "^0.12.0"

"promzard@^2.0.0":
  "version" "2.0.0"
  dependencies:
    "read" "^4.0.0"

"qrcode-terminal@^0.12.0":
  "version" "0.12.0"

"read-cmd-shim@^5.0.0":
  "version" "5.0.0"

"read-package-json-fast@^4.0.0":
  "version" "4.0.0"
  dependencies:
    "json-parse-even-better-errors" "^4.0.0"
    "npm-normalize-package-bin" "^4.0.0"

"read@^4.0.0":
  "version" "4.0.0"
  dependencies:
    "mute-stream" "^2.0.0"

"retry@^0.12.0":
  "version" "0.12.0"

"rimraf@^5.0.5":
  "version" "5.0.10"
  dependencies:
    "glob" "^10.3.7"

"safer-buffer@>= 2.1.2 < 3.0.0":
  "version" "2.1.2"

"semver@^7.1.1", "semver@^7.3.5", "semver@^7.3.7", "semver@^7.5.3", "semver@^7.6.3":
  "version" "7.6.3"

"shebang-command@^2.0.0":
  "version" "2.0.0"
  dependencies:
    "shebang-regex" "^3.0.0"

"shebang-regex@^3.0.0":
  "version" "3.0.0"

"signal-exit@^4.0.1":
  "version" "4.1.0"

"sigstore@^3.0.0":
  "version" "3.0.0"
  dependencies:
    "@sigstore/bundle" "^3.0.0"
    "@sigstore/core" "^2.0.0"
    "@sigstore/protobuf-specs" "^0.3.2"
    "@sigstore/sign" "^3.0.0"
    "@sigstore/tuf" "^3.0.0"
    "@sigstore/verify" "^2.0.0"

"smart-buffer@^4.2.0":
  "version" "4.2.0"

"socks-proxy-agent@^8.0.3":
  "version" "8.0.5"
  dependencies:
    "agent-base" "^7.1.2"
    "debug" "^4.3.4"
    "socks" "^2.8.3"

"socks@^2.8.3":
  "version" "2.8.3"
  dependencies:
    "ip-address" "^9.0.5"
    "smart-buffer" "^4.2.0"

"source-map-js@^1.2.1":
  "integrity" "sha512-UXWMKhLOwVKb728IUtQPXxfYU+usdybtUrK/8uGE8CQMvrhOpwvzDBwj0QhSL7MQc7vIsISBG8VQ8+IDQxpfQA=="
  "resolved" "https://registry.npmmirror.com/source-map-js/-/source-map-js-1.2.1.tgz"
  "version" "1.2.1"

"source-map@^0.6.1":
  "integrity" "sha512-UjgapumWlbMhkBgzT7Ykc5YXUT46F0iKu8SGXq0bcwP5dz/h0Plj6enJqjz1Zbq2l5WaqYnrVbwWOWMyF3F47g=="
  "resolved" "https://registry.npmmirror.com/source-map/-/source-map-0.6.1.tgz"
  "version" "0.6.1"

"spdx-correct@^3.0.0":
  "version" "3.2.0"
  dependencies:
    "spdx-expression-parse" "^3.0.0"
    "spdx-license-ids" "^3.0.0"

"spdx-exceptions@^2.1.0":
  "version" "2.5.0"

"spdx-expression-parse@^3.0.0":
  "version" "3.0.1"
  dependencies:
    "spdx-exceptions" "^2.1.0"
    "spdx-license-ids" "^3.0.0"

"spdx-expression-parse@^4.0.0":
  "version" "4.0.0"
  dependencies:
    "spdx-exceptions" "^2.1.0"
    "spdx-license-ids" "^3.0.0"

"spdx-license-ids@^3.0.0":
  "version" "3.0.20"

"sprintf-js@^1.1.3":
  "version" "1.1.3"

"ssri@^12.0.0":
  "version" "12.0.0"
  dependencies:
    "minipass" "^7.0.3"

"string-width-cjs@npm:string-width@^4.2.0":
  "version" "4.2.3"
  dependencies:
    "emoji-regex" "^8.0.0"
    "is-fullwidth-code-point" "^3.0.0"
    "strip-ansi" "^6.0.1"

"string-width@^4.1.0", "string-width@^4.2.3":
  "version" "4.2.3"
  dependencies:
    "emoji-regex" "^8.0.0"
    "is-fullwidth-code-point" "^3.0.0"
    "strip-ansi" "^6.0.1"

"string-width@^5.0.1":
  "version" "5.1.2"
  dependencies:
    "eastasianwidth" "^0.2.0"
    "emoji-regex" "^9.2.2"
    "strip-ansi" "^7.0.1"

"string-width@^5.1.2":
  "version" "5.1.2"
  dependencies:
    "eastasianwidth" "^0.2.0"
    "emoji-regex" "^9.2.2"
    "strip-ansi" "^7.0.1"

"strip-ansi-cjs@npm:strip-ansi@^6.0.1":
  "version" "6.0.1"
  dependencies:
    "ansi-regex" "^5.0.1"

"strip-ansi@^6.0.0", "strip-ansi@^6.0.1":
  "version" "6.0.1"
  dependencies:
    "ansi-regex" "^5.0.1"

"strip-ansi@^7.0.1":
  "version" "7.1.0"
  dependencies:
    "ansi-regex" "^6.0.1"

"supports-color@^9.4.0":
  "version" "9.4.0"

"tar@^6.1.11", "tar@^6.2.1":
  "version" "6.2.1"
  dependencies:
    "chownr" "^2.0.0"
    "fs-minipass" "^2.0.0"
    "minipass" "^5.0.0"
    "minizlib" "^2.1.1"
    "mkdirp" "^1.0.3"
    "yallist" "^4.0.0"

"tar@^7.4.3":
  "version" "7.4.3"
  dependencies:
    "@isaacs/fs-minipass" "^4.0.0"
    "chownr" "^3.0.0"
    "minipass" "^7.1.2"
    "minizlib" "^3.0.1"
    "mkdirp" "^3.0.1"
    "yallist" "^5.0.0"

"text-table@~0.2.0":
  "version" "0.2.0"

"tiny-relative-date@^1.3.0":
  "version" "1.3.0"

"tr46@~0.0.3":
  "integrity" "sha512-N3WMsuqV66lT30CrXNbEjx4GEwlow3v6rr4mCcv6prnfwhS01rkgyFdjPNBYd9br7LpXV1+Emh01fHnq2Gdgrw=="
  "resolved" "https://registry.npmjs.org/tr46/-/tr46-0.0.3.tgz"
  "version" "0.0.3"

"treeverse@^3.0.0":
  "version" "3.0.0"

"tuf-js@^3.0.1":
  "version" "3.0.1"
  dependencies:
    "@tufjs/models" "3.0.1"
    "debug" "^4.3.6"
    "make-fetch-happen" "^14.0.1"

"unique-filename@^4.0.0":
  "version" "4.0.0"
  dependencies:
    "unique-slug" "^5.0.0"

"unique-slug@^5.0.0":
  "version" "5.0.0"
  dependencies:
    "imurmurhash" "^0.1.4"

"util-deprecate@^1.0.2":
  "version" "1.0.2"

"validate-npm-package-license@^3.0.4":
  "version" "3.0.4"
  dependencies:
    "spdx-correct" "^3.0.0"
    "spdx-expression-parse" "^3.0.0"

"validate-npm-package-name@^6.0.0":
  "version" "6.0.0"

"vue-tour@^2.0.0":
  "integrity" "sha512-vhKzqdhunQ3EoO1733UxhOB389u3EKv2X8JqYhX4tIq4ilqlZtnY3azPFBYPFmnAqHn5RyZBrP2CpqSaxTs8og=="
  "resolved" "https://registry.npmmirror.com/vue-tour/-/vue-tour-2.0.0.tgz"
  "version" "2.0.0"
  dependencies:
    "@popperjs/core" "^2.9.1"
    "hash-sum" "^2.0.0"
    "jump.js" "^1.0.2"
    "vue" "^2.6.12"

"vue@^2.6.12":
  "integrity" "sha512-4gCtFXaAA3zYZdTp5s4Hl2sozuySsgz4jy1EnpBHNfpMa9dK1ZCG7viqBPCwXtmgc8nHqUsAu3G4gtmXkkY3Sw=="
  "resolved" "https://registry.npmmirror.com/vue/-/vue-2.7.16.tgz"
  "version" "2.7.16"
  dependencies:
    "@vue/compiler-sfc" "2.7.16"
    "csstype" "^3.1.0"

"walk-up-path@^4.0.0":
  "version" "4.0.0"

"webidl-conversions@^3.0.0":
  "integrity" "sha512-2JAn3z8AR6rjK8Sm8orRC0h/bcl/DqL7tRPdGZ4I1CjdF+EaMLmYxBHyXuKL849eucPFhvBoxMsflfOb8kxaeQ=="
  "resolved" "https://registry.npmjs.org/webidl-conversions/-/webidl-conversions-3.0.1.tgz"
  "version" "3.0.1"

"whatwg-url@^5.0.0":
  "integrity" "sha512-saE57nupxk6v3HY35+jzBwYa0rKSy0XR8JSxZPwgLr7ys0IBzhGviA1/TUGJLmSVqs8pb9AnvICXEuOHLprYTw=="
  "resolved" "https://registry.npmjs.org/whatwg-url/-/whatwg-url-5.0.0.tgz"
  "version" "5.0.0"
  dependencies:
    "tr46" "~0.0.3"
    "webidl-conversions" "^3.0.0"

"which@^2.0.1":
  "version" "2.0.2"
  dependencies:
    "isexe" "^2.0.0"

"which@^5.0.0":
  "version" "5.0.0"
  dependencies:
    "isexe" "^3.1.1"

"wrap-ansi-cjs@npm:wrap-ansi@^7.0.0":
  "version" "7.0.0"
  dependencies:
    "ansi-styles" "^4.0.0"
    "string-width" "^4.1.0"
    "strip-ansi" "^6.0.0"

"wrap-ansi@^8.1.0":
  "version" "8.1.0"
  dependencies:
    "ansi-styles" "^6.1.0"
    "string-width" "^5.0.1"
    "strip-ansi" "^7.0.1"

"write-file-atomic@^6.0.0":
  "version" "6.0.0"
  dependencies:
    "imurmurhash" "^0.1.4"
    "signal-exit" "^4.0.1"

"yallist@^4.0.0":
  "version" "4.0.0"

"yallist@^5.0.0":
  "version" "5.0.0"
